
Microsoft Visual Studio Solution File, Format Version 12.00
# Visual Studio Version 16
VisualStudioVersion = 16.0.31112.23
MinimumVisualStudioVersion = 10.0.40219.1
Project("{FAE04EC0-301F-11D3-BF4B-00C04F79EFBC}") = "UVIC_SCC.API", "UVIC_SCC.API\UVIC_SCC.API.csproj", "{F89C5F41-64D4-4C56-A5E7-7185F3441A25}"
EndProject
Global
	GlobalSection(SolutionConfigurationPlatforms) = preSolution
		Debug|Any CPU = Debug|Any CPU
		Release|Any CPU = Release|Any CPU
	EndGlobalSection
	GlobalSection(ProjectConfigurationPlatforms) = postSolution
		{F89C5F41-64D4-4C56-A5E7-7185F3441A25}.Debug|Any CPU.ActiveCfg = Debug|Any CPU
		{F89C5F41-64D4-4C56-A5E7-7185F3441A25}.Debug|Any CPU.Build.0 = Debug|Any CPU
		{F89C5F41-64D4-4C56-A5E7-7185F3441A25}.Release|Any CPU.ActiveCfg = Release|Any CPU
		{F89C5F41-64D4-4C56-A5E7-7185F3441A25}.Release|Any CPU.Build.0 = Release|Any CPU
	EndGlobalSection
	GlobalSection(SolutionProperties) = preSolution
		HideSolutionNode = FALSE
	EndGlobalSection
	GlobalSection(ExtensibilityGlobals) = postSolution
		SolutionGuid = {4A3507DA-ED00-4EB7-879C-D30C2DCBD18C}
	EndGlobalSection
EndGlobal
